
Microsoft Visual Studio Solution File, Format Version 12.00
# Visual Studio Version 17
VisualStudioVersion = 17.0.31903.59
MinimumVisualStudioVersion = 10.0.40219.1
Project("{2150E333-8FDC-42A3-9474-1A3956D46DE8}") = "src", "src", "{827E0CD3-B72D-47B6-A68D-7590B98EB39B}"
EndProject
Project("{FAE04EC0-301F-11D3-BF4B-00C04F79EFBC}") = "OpenBookAPI.Api", "src\OpenBookAPI.Api\OpenBookAPI.Api.csproj", "{AF2D478D-3B56-49D6-9735-E3B0F48DA3AA}"
EndProject
Project("{FAE04EC0-301F-11D3-BF4B-00C04F79EFBC}") = "OpenBookAPI.Application", "src\OpenBookAPI.Application\OpenBookAPI.Application.csproj", "{28A60B38-88A6-4E69-A558-BF5519B2F11E}"
EndProject
Project("{FAE04EC0-301F-11D3-BF4B-00C04F79EFBC}") = "OpenBookAPI.Infrastructure", "src\OpenBookAPI.Infrastructure\OpenBookAPI.Infrastructure.csproj", "{56C573F8-A9BF-4FFC-8075-6D9000B3C925}"
EndProject
Global
	GlobalSection(SolutionConfigurationPlatforms) = preSolution
		Debug|Any CPU = Debug|Any CPU
		Debug|x64 = Debug|x64
		Debug|x86 = Debug|x86
		Release|Any CPU = Release|Any CPU
		Release|x64 = Release|x64
		Release|x86 = Release|x86
	EndGlobalSection
	GlobalSection(ProjectConfigurationPlatforms) = postSolution
		{AF2D478D-3B56-49D6-9735-E3B0F48DA3AA}.Debug|Any CPU.ActiveCfg = Debug|Any CPU
		{AF2D478D-3B56-49D6-9735-E3B0F48DA3AA}.Debug|Any CPU.Build.0 = Debug|Any CPU
		{AF2D478D-3B56-49D6-9735-E3B0F48DA3AA}.Debug|x64.ActiveCfg = Debug|Any CPU
		{AF2D478D-3B56-49D6-9735-E3B0F48DA3AA}.Debug|x64.Build.0 = Debug|Any CPU
		{AF2D478D-3B56-49D6-9735-E3B0F48DA3AA}.Debug|x86.ActiveCfg = Debug|Any CPU
		{AF2D478D-3B56-49D6-9735-E3B0F48DA3AA}.Debug|x86.Build.0 = Debug|Any CPU
		{AF2D478D-3B56-49D6-9735-E3B0F48DA3AA}.Release|Any CPU.ActiveCfg = Release|Any CPU
		{AF2D478D-3B56-49D6-9735-E3B0F48DA3AA}.Release|Any CPU.Build.0 = Release|Any CPU
		{AF2D478D-3B56-49D6-9735-E3B0F48DA3AA}.Release|x64.ActiveCfg = Release|Any CPU
		{AF2D478D-3B56-49D6-9735-E3B0F48DA3AA}.Release|x64.Build.0 = Release|Any CPU
		{AF2D478D-3B56-49D6-9735-E3B0F48DA3AA}.Release|x86.ActiveCfg = Release|Any CPU
		{AF2D478D-3B56-49D6-9735-E3B0F48DA3AA}.Release|x86.Build.0 = Release|Any CPU
		{28A60B38-88A6-4E69-A558-BF5519B2F11E}.Debug|Any CPU.ActiveCfg = Debug|Any CPU
		{28A60B38-88A6-4E69-A558-BF5519B2F11E}.Debug|Any CPU.Build.0 = Debug|Any CPU
		{28A60B38-88A6-4E69-A558-BF5519B2F11E}.Debug|x64.ActiveCfg = Debug|Any CPU
		{28A60B38-88A6-4E69-A558-BF5519B2F11E}.Debug|x64.Build.0 = Debug|Any CPU
		{28A60B38-88A6-4E69-A558-BF5519B2F11E}.Debug|x86.ActiveCfg = Debug|Any CPU
		{28A60B38-88A6-4E69-A558-BF5519B2F11E}.Debug|x86.Build.0 = Debug|Any CPU
		{28A60B38-88A6-4E69-A558-BF5519B2F11E}.Release|Any CPU.ActiveCfg = Release|Any CPU
		{28A60B38-88A6-4E69-A558-BF5519B2F11E}.Release|Any CPU.Build.0 = Release|Any CPU
		{28A60B38-88A6-4E69-A558-BF5519B2F11E}.Release|x64.ActiveCfg = Release|Any CPU
		{28A60B38-88A6-4E69-A558-BF5519B2F11E}.Release|x64.Build.0 = Release|Any CPU
		{28A60B38-88A6-4E69-A558-BF5519B2F11E}.Release|x86.ActiveCfg = Release|Any CPU
		{28A60B38-88A6-4E69-A558-BF5519B2F11E}.Release|x86.Build.0 = Release|Any CPU
		{56C573F8-A9BF-4FFC-8075-6D9000B3C925}.Debug|Any CPU.ActiveCfg = Debug|Any CPU
		{56C573F8-A9BF-4FFC-8075-6D9000B3C925}.Debug|Any CPU.Build.0 = Debug|Any CPU
		{56C573F8-A9BF-4FFC-8075-6D9000B3C925}.Debug|x64.ActiveCfg = Debug|Any CPU
		{56C573F8-A9BF-4FFC-8075-6D9000B3C925}.Debug|x64.Build.0 = Debug|Any CPU
		{56C573F8-A9BF-4FFC-8075-6D9000B3C925}.Debug|x86.ActiveCfg = Debug|Any CPU
		{56C573F8-A9BF-4FFC-8075-6D9000B3C925}.Debug|x86.Build.0 = Debug|Any CPU
		{56C573F8-A9BF-4FFC-8075-6D9000B3C925}.Release|Any CPU.ActiveCfg = Release|Any CPU
		{56C573F8-A9BF-4FFC-8075-6D9000B3C925}.Release|Any CPU.Build.0 = Release|Any CPU
		{56C573F8-A9BF-4FFC-8075-6D9000B3C925}.Release|x64.ActiveCfg = Release|Any CPU
		{56C573F8-A9BF-4FFC-8075-6D9000B3C925}.Release|x64.Build.0 = Release|Any CPU
		{56C573F8-A9BF-4FFC-8075-6D9000B3C925}.Release|x86.ActiveCfg = Release|Any CPU
		{56C573F8-A9BF-4FFC-8075-6D9000B3C925}.Release|x86.Build.0 = Release|Any CPU
	EndGlobalSection
	GlobalSection(SolutionProperties) = preSolution
		HideSolutionNode = FALSE
	EndGlobalSection
	GlobalSection(NestedProjects) = preSolution
		{AF2D478D-3B56-49D6-9735-E3B0F48DA3AA} = {827E0CD3-B72D-47B6-A68D-7590B98EB39B}
		{28A60B38-88A6-4E69-A558-BF5519B2F11E} = {827E0CD3-B72D-47B6-A68D-7590B98EB39B}
		{56C573F8-A9BF-4FFC-8075-6D9000B3C925} = {827E0CD3-B72D-47B6-A68D-7590B98EB39B}
	EndGlobalSection
EndGlobal
